
Microsoft Visual Studio Solution File, Format Version 12.00
# Visual Studio Version 16
VisualStudioVersion = 16.0.30907.101
MinimumVisualStudioVersion = 10.0.40219.1
Project("{FAE04EC0-301F-11D3-BF4B-00C04F79EFBC}") = "TlDovizHesaplama", "TlDovizHesaplama\TlDovizHesaplama.csproj", "{E7E7F3D6-329C-4C15-B45E-5E28D86EDC36}"
EndProject
Project("{FAE04EC0-301F-11D3-BF4B-00C04F79EFBC}") = "OgrenciNotOrtalamasi", "OgrenciNotOrtalamasi\OgrenciNotOrtalamasi.csproj", "{07B8FBDB-0D81-4E27-9A1D-7229EEEC05E2}"
EndProject
Project("{FAE04EC0-301F-11D3-BF4B-00C04F79EFBC}") = "Methods", "Methods\Methods.csproj", "{10645AFC-3272-4771-8F08-8C977D90E094}"
EndProject
Project("{FAE04EC0-301F-11D3-BF4B-00C04F79EFBC}") = "CalculatorDemo", "CalculatorDemo\CalculatorDemo.csproj", "{E55F20F2-7090-46B3-A7B9-5B50D020008E}"
EndProject
Global
	GlobalSection(SolutionConfigurationPlatforms) = preSolution
		Debug|Any CPU = Debug|Any CPU
		Release|Any CPU = Release|Any CPU
	EndGlobalSection
	GlobalSection(ProjectConfigurationPlatforms) = postSolution
		{E7E7F3D6-329C-4C15-B45E-5E28D86EDC36}.Debug|Any CPU.ActiveCfg = Debug|Any CPU
		{E7E7F3D6-329C-4C15-B45E-5E28D86EDC36}.Debug|Any CPU.Build.0 = Debug|Any CPU
		{E7E7F3D6-329C-4C15-B45E-5E28D86EDC36}.Release|Any CPU.ActiveCfg = Release|Any CPU
		{E7E7F3D6-329C-4C15-B45E-5E28D86EDC36}.Release|Any CPU.Build.0 = Release|Any CPU
		{07B8FBDB-0D81-4E27-9A1D-7229EEEC05E2}.Debug|Any CPU.ActiveCfg = Debug|Any CPU
		{07B8FBDB-0D81-4E27-9A1D-7229EEEC05E2}.Debug|Any CPU.Build.0 = Debug|Any CPU
		{07B8FBDB-0D81-4E27-9A1D-7229EEEC05E2}.Release|Any CPU.ActiveCfg = Release|Any CPU
		{07B8FBDB-0D81-4E27-9A1D-7229EEEC05E2}.Release|Any CPU.Build.0 = Release|Any CPU
		{10645AFC-3272-4771-8F08-8C977D90E094}.Debug|Any CPU.ActiveCfg = Debug|Any CPU
		{10645AFC-3272-4771-8F08-8C977D90E094}.Debug|Any CPU.Build.0 = Debug|Any CPU
		{10645AFC-3272-4771-8F08-8C977D90E094}.Release|Any CPU.ActiveCfg = Release|Any CPU
		{10645AFC-3272-4771-8F08-8C977D90E094}.Release|Any CPU.Build.0 = Release|Any CPU
		{E55F20F2-7090-46B3-A7B9-5B50D020008E}.Debug|Any CPU.ActiveCfg = Debug|Any CPU
		{E55F20F2-7090-46B3-A7B9-5B50D020008E}.Debug|Any CPU.Build.0 = Debug|Any CPU
		{E55F20F2-7090-46B3-A7B9-5B50D020008E}.Release|Any CPU.ActiveCfg = Release|Any CPU
		{E55F20F2-7090-46B3-A7B9-5B50D020008E}.Release|Any CPU.Build.0 = Release|Any CPU
	EndGlobalSection
	GlobalSection(SolutionProperties) = preSolution
		HideSolutionNode = FALSE
	EndGlobalSection
	GlobalSection(ExtensibilityGlobals) = postSolution
		SolutionGuid = {ACF5D91D-25B2-4EFC-B57C-D0BAA9324665}
	EndGlobalSection
EndGlobal
